
Microsoft Visual Studio Solution File, Format Version 12.00
# Visual Studio Version 17
VisualStudioVersion = 17.11.35327.3
MinimumVisualStudioVersion = 10.0.40219.1
Project("{FAE04EC0-301F-11D3-BF4B-00C04F79EFBC}") = "Coborzan_Tudor_Lab2_M", "Coborzan_Tudor_Lab2_M.csproj", "{419A46BF-2764-4C80-8077-2869F0CB46C6}"
EndProject
Global
	GlobalSection(SolutionConfigurationPlatforms) = preSolution
		Debug|Any CPU = Debug|Any CPU
		Release|Any CPU = Release|Any CPU
	EndGlobalSection
	GlobalSection(ProjectConfigurationPlatforms) = postSolution
		{419A46BF-2764-4C80-8077-2869F0CB46C6}.Debug|Any CPU.ActiveCfg = Debug|Any CPU
		{419A46BF-2764-4C80-8077-2869F0CB46C6}.Debug|Any CPU.Build.0 = Debug|Any CPU
		{419A46BF-2764-4C80-8077-2869F0CB46C6}.Release|Any CPU.ActiveCfg = Release|Any CPU
		{419A46BF-2764-4C80-8077-2869F0CB46C6}.Release|Any CPU.Build.0 = Release|Any CPU
	EndGlobalSection
	GlobalSection(SolutionProperties) = preSolution
		HideSolutionNode = FALSE
	EndGlobalSection
	GlobalSection(ExtensibilityGlobals) = postSolution
		SolutionGuid = {8458AFF6-7CC4-4A76-8AFB-29AE87512629}
	EndGlobalSection
EndGlobal
